
Microsoft Visual Studio Solution File, Format Version 12.00
# Visual Studio Version 17
VisualStudioVersion = 17.8.34330.188
MinimumVisualStudioVersion = 10.0.40219.1
Project("{9A19103F-16F7-4668-BE54-9A1E7A4F7556}") = "frontend-quiz-app.Server", "frontend-quiz-app.Server\frontend-quiz-app.Server.csproj", "{A0031E73-D77E-46C8-8477-E57FD45295DB}"
EndProject
Project("{54A90642-561A-4BB1-A94E-469ADEE60C69}") = "frontend-quiz-app.client", "frontend-quiz-app.client\frontend-quiz-app.client.esproj", "{42106A03-0E55-4AE0-8DBF-906A4F062958}"
EndProject
Project("{2150E333-8FDC-42A3-9474-1A3956D46DE8}") = "Solution Items", "Solution Items", "{6D84FE0F-2391-46ED-895D-70AE602CC61E}"
	ProjectSection(SolutionItems) = preProject
		.slugignore = .slugignore
	EndProjectSection
EndProject
Global
	GlobalSection(SolutionConfigurationPlatforms) = preSolution
		Debug|Any CPU = Debug|Any CPU
		Release|Any CPU = Release|Any CPU
	EndGlobalSection
	GlobalSection(ProjectConfigurationPlatforms) = postSolution
		{A0031E73-D77E-46C8-8477-E57FD45295DB}.Debug|Any CPU.ActiveCfg = Debug|Any CPU
		{A0031E73-D77E-46C8-8477-E57FD45295DB}.Debug|Any CPU.Build.0 = Debug|Any CPU
		{A0031E73-D77E-46C8-8477-E57FD45295DB}.Release|Any CPU.ActiveCfg = Release|Any CPU
		{A0031E73-D77E-46C8-8477-E57FD45295DB}.Release|Any CPU.Build.0 = Release|Any CPU
		{42106A03-0E55-4AE0-8DBF-906A4F062958}.Debug|Any CPU.ActiveCfg = Debug|Any CPU
		{42106A03-0E55-4AE0-8DBF-906A4F062958}.Debug|Any CPU.Build.0 = Debug|Any CPU
		{42106A03-0E55-4AE0-8DBF-906A4F062958}.Debug|Any CPU.Deploy.0 = Debug|Any CPU
		{42106A03-0E55-4AE0-8DBF-906A4F062958}.Release|Any CPU.ActiveCfg = Release|Any CPU
		{42106A03-0E55-4AE0-8DBF-906A4F062958}.Release|Any CPU.Build.0 = Release|Any CPU
		{42106A03-0E55-4AE0-8DBF-906A4F062958}.Release|Any CPU.Deploy.0 = Release|Any CPU
	EndGlobalSection
	GlobalSection(SolutionProperties) = preSolution
		HideSolutionNode = FALSE
	EndGlobalSection
	GlobalSection(ExtensibilityGlobals) = postSolution
		SolutionGuid = {C4CBADAF-59AE-4C16-A67E-9E5D036CFA84}
	EndGlobalSection
EndGlobal
